
Microsoft Visual Studio Solution File, Format Version 12.00
# Visual Studio Version 17
VisualStudioVersion = 17.7.34018.315
MinimumVisualStudioVersion = 10.0.40219.1
Project("{FAE04EC0-301F-11D3-BF4B-00C04F79EFBC}") = "URL Shortener", "URL Shortener\URL Shortener.csproj", "{668FF3FE-E3FD-4DDF-8522-8B8BD0AB5215}"
EndProject
Global
	GlobalSection(SolutionConfigurationPlatforms) = preSolution
		Debug|Any CPU = Debug|Any CPU
		Release|Any CPU = Release|Any CPU
	EndGlobalSection
	GlobalSection(ProjectConfigurationPlatforms) = postSolution
		{668FF3FE-E3FD-4DDF-8522-8B8BD0AB5215}.Debug|Any CPU.ActiveCfg = Debug|Any CPU
		{668FF3FE-E3FD-4DDF-8522-8B8BD0AB5215}.Debug|Any CPU.Build.0 = Debug|Any CPU
		{668FF3FE-E3FD-4DDF-8522-8B8BD0AB5215}.Release|Any CPU.ActiveCfg = Release|Any CPU
		{668FF3FE-E3FD-4DDF-8522-8B8BD0AB5215}.Release|Any CPU.Build.0 = Release|Any CPU
	EndGlobalSection
	GlobalSection(SolutionProperties) = preSolution
		HideSolutionNode = FALSE
	EndGlobalSection
	GlobalSection(ExtensibilityGlobals) = postSolution
		SolutionGuid = {B23358FE-A0DF-4CC6-9B48-F5E687FD3687}
	EndGlobalSection
EndGlobal
